// !$*UTF8*$!
{
	archiveVersion = 1;
	classes = {
	};
	objectVersion = 46;
	objects = {

/* Begin PBXBuildFile section */
		497CA1AC9DA6FEB3C3B1C821 /* Pods_FlashChat.framework in Frameworks */ = {isa = PBXBuildFile; fileRef = 257E13D09F330E9CBFADB0D4 /* Pods_FlashChat.framework */; };
		6E32ECD629C23C5C00C9D979 /* ChatTableViewCell.swift in Sources */ = {isa = PBXBuildFile; fileRef = 6E32ECD529C23C5C00C9D979 /* ChatTableViewCell.swift */; };
		6E32ECD829C2424900C9D979 /* SendMessageUIView.swift in Sources */ = {isa = PBXBuildFile; fileRef = 6E32ECD729C2424900C9D979 /* SendMessageUIView.swift */; };
		6E830B9829BF0C910048325D /* AppDelegate.swift in Sources */ = {isa = PBXBuildFile; fileRef = 6E830B9729BF0C910048325D /* AppDelegate.swift */; };
		6E830B9A29BF0C910048325D /* SceneDelegate.swift in Sources */ = {isa = PBXBuildFile; fileRef = 6E830B9929BF0C910048325D /* SceneDelegate.swift */; };
		6E830BA129BF0C970048325D /* Assets.xcassets in Resources */ = {isa = PBXBuildFile; fileRef = 6E830BA029BF0C970048325D /* Assets.xcassets */; };
		6E830BA429BF0C970048325D /* LaunchScreen.storyboard in Resources */ = {isa = PBXBuildFile; fileRef = 6E830BA229BF0C970048325D /* LaunchScreen.storyboard */; };
		6E830BBD29BFA8A90048325D /* WelcomeViewController.swift in Sources */ = {isa = PBXBuildFile; fileRef = 6E830BBC29BFA8A90048325D /* WelcomeViewController.swift */; };
		6E830BC029BFA8D30048325D /* RegisterViewController.swift in Sources */ = {isa = PBXBuildFile; fileRef = 6E830BBF29BFA8D30048325D /* RegisterViewController.swift */; };
		6E830BC229BFA8E30048325D /* LoginViewController.swift in Sources */ = {isa = PBXBuildFile; fileRef = 6E830BC129BFA8E30048325D /* LoginViewController.swift */; };
		6E830BC429BFA8F20048325D /* ChatViewController.swift in Sources */ = {isa = PBXBuildFile; fileRef = 6E830BC329BFA8F20048325D /* ChatViewController.swift */; };
		6EC1A85129C4A04100DE54D9 /* GoogleService-Info.plist in Resources */ = {isa = PBXBuildFile; fileRef = 6EC1A85029C4A04100DE54D9 /* GoogleService-Info.plist */; };
/* End PBXBuildFile section */

/* Begin PBXFileReference section */
		14B121206AE441B2A47E6631 /* Pods-FlashChat.debug.xcconfig */ = {isa = PBXFileReference; includeInIndex = 1; lastKnownFileType = text.xcconfig; name = "Pods-FlashChat.debug.xcconfig"; path = "Target Support Files/Pods-FlashChat/Pods-FlashChat.debug.xcconfig"; sourceTree = "<group>"; };
		257E13D09F330E9CBFADB0D4 /* Pods_FlashChat.framework */ = {isa = PBXFileReference; explicitFileType = wrapper.framework; includeInIndex = 0; path = Pods_FlashChat.framework; sourceTree = BUILT_PRODUCTS_DIR; };
		6E32ECD529C23C5C00C9D979 /* ChatTableViewCell.swift */ = {isa = PBXFileReference; lastKnownFileType = sourcecode.swift; path = ChatTableViewCell.swift; sourceTree = "<group>"; };
		6E32ECD729C2424900C9D979 /* SendMessageUIView.swift */ = {isa = PBXFileReference; lastKnownFileType = sourcecode.swift; path = SendMessageUIView.swift; sourceTree = "<group>"; };
		6E830B9429BF0C910048325D /* FlashChat.app */ = {isa = PBXFileReference; explicitFileType = wrapper.application; includeInIndex = 0; path = FlashChat.app; sourceTree = BUILT_PRODUCTS_DIR; };
		6E830B9729BF0C910048325D /* AppDelegate.swift */ = {isa = PBXFileReference; lastKnownFileType = sourcecode.swift; path = AppDelegate.swift; sourceTree = "<group>"; };
		6E830B9929BF0C910048325D /* SceneDelegate.swift */ = {isa = PBXFileReference; lastKnownFileType = sourcecode.swift; path = SceneDelegate.swift; sourceTree = "<group>"; };
		6E830BA029BF0C970048325D /* Assets.xcassets */ = {isa = PBXFileReference; lastKnownFileType = folder.assetcatalog; path = Assets.xcassets; sourceTree = "<group>"; };
		6E830BA329BF0C970048325D /* Base */ = {isa = PBXFileReference; lastKnownFileType = file.storyboard; name = Base; path = Base.lproj/LaunchScreen.storyboard; sourceTree = "<group>"; };
		6E830BA529BF0C970048325D /* Info.plist */ = {isa = PBXFileReference; lastKnownFileType = text.plist.xml; path = Info.plist; sourceTree = "<group>"; };
		6E830BBC29BFA8A90048325D /* WelcomeViewController.swift */ = {isa = PBXFileReference; lastKnownFileType = sourcecode.swift; path = WelcomeViewController.swift; sourceTree = "<group>"; };
		6E830BBF29BFA8D30048325D /* RegisterViewController.swift */ = {isa = PBXFileReference; lastKnownFileType = sourcecode.swift; path = RegisterViewController.swift; sourceTree = "<group>"; };
		6E830BC129BFA8E30048325D /* LoginViewController.swift */ = {isa = PBXFileReference; lastKnownFileType = sourcecode.swift; path = LoginViewController.swift; sourceTree = "<group>"; };
		6E830BC329BFA8F20048325D /* ChatViewController.swift */ = {isa = PBXFileReference; lastKnownFileType = sourcecode.swift; path = ChatViewController.swift; sourceTree = "<group>"; };
		6EC1A85029C4A04100DE54D9 /* GoogleService-Info.plist */ = {isa = PBXFileReference; fileEncoding = 4; lastKnownFileType = text.plist.xml; path = "GoogleService-Info.plist"; sourceTree = "<group>"; };
		D79C7BA5F612DC9EFFCED0D8 /* Pods-FlashChat.release.xcconfig */ = {isa = PBXFileReference; includeInIndex = 1; lastKnownFileType = text.xcconfig; name = "Pods-FlashChat.release.xcconfig"; path = "Target Support Files/Pods-FlashChat/Pods-FlashChat.release.xcconfig"; sourceTree = "<group>"; };
/* End PBXFileReference section */

/* Begin PBXFrameworksBuildPhase section */
		6E830B9129BF0C910048325D /* Frameworks */ = {
			isa = PBXFrameworksBuildPhase;
			buildActionMask = 2147483647;
			files = (
				497CA1AC9DA6FEB3C3B1C821 /* Pods_FlashChat.framework in Frameworks */,
			);
			runOnlyForDeploymentPostprocessing = 0;
		};
/* End PBXFrameworksBuildPhase section */

/* Begin PBXGroup section */
		2E32AEA9BD8B4E1FC2F81D85 /* Pods */ = {
			isa = PBXGroup;
			children = (
				14B121206AE441B2A47E6631 /* Pods-FlashChat.debug.xcconfig */,
				D79C7BA5F612DC9EFFCED0D8 /* Pods-FlashChat.release.xcconfig */,
			);
			path = Pods;
			sourceTree = "<group>";
		};
		6E32ECD929C2426300C9D979 /* Views */ = {
			isa = PBXGroup;
			children = (
				6E32ECDA29C2428500C9D979 /* Cells */,
				6E32ECD729C2424900C9D979 /* SendMessageUIView.swift */,
			);
			path = Views;
			sourceTree = "<group>";
		};
		6E32ECDA29C2428500C9D979 /* Cells */ = {
			isa = PBXGroup;
			children = (
				6E32ECD529C23C5C00C9D979 /* ChatTableViewCell.swift */,
			);
			path = Cells;
			sourceTree = "<group>";
		};
		6E830B8B29BF0C910048325D = {
			isa = PBXGroup;
			children = (
				6E830B9629BF0C910048325D /* FlashChat */,
				6E830B9529BF0C910048325D /* Products */,
				2E32AEA9BD8B4E1FC2F81D85 /* Pods */,
				BF4B8FA67CFDE296B1668BB0 /* Frameworks */,
			);
			sourceTree = "<group>";
		};
		6E830B9529BF0C910048325D /* Products */ = {
			isa = PBXGroup;
			children = (
				6E830B9429BF0C910048325D /* FlashChat.app */,
			);
			name = Products;
			sourceTree = "<group>";
		};
		6E830B9629BF0C910048325D /* FlashChat */ = {
			isa = PBXGroup;
			children = (
				6E830B9729BF0C910048325D /* AppDelegate.swift */,
				6E830B9929BF0C910048325D /* SceneDelegate.swift */,
				6E830BBB29BFA86D0048325D /* Models */,
				6E830BBA29BFA8550048325D /* Controllers */,
				6E32ECD929C2426300C9D979 /* Views */,
				6E830BA029BF0C970048325D /* Assets.xcassets */,
				6E830BA229BF0C970048325D /* LaunchScreen.storyboard */,
				6E830BA529BF0C970048325D /* Info.plist */,
				6EC1A85029C4A04100DE54D9 /* GoogleService-Info.plist */,
			);
			path = FlashChat;
			sourceTree = "<group>";
		};
		6E830BBA29BFA8550048325D /* Controllers */ = {
			isa = PBXGroup;
			children = (
				6E830BBC29BFA8A90048325D /* WelcomeViewController.swift */,
				6E830BBF29BFA8D30048325D /* RegisterViewController.swift */,
				6E830BC129BFA8E30048325D /* LoginViewController.swift */,
				6E830BC329BFA8F20048325D /* ChatViewController.swift */,
			);
			path = Controllers;
			sourceTree = "<group>";
		};
		6E830BBB29BFA86D0048325D /* Models */ = {
			isa = PBXGroup;
			children = (
			);
			path = Models;
			sourceTree = "<group>";
		};
		BF4B8FA67CFDE296B1668BB0 /* Frameworks */ = {
			isa = PBXGroup;
			children = (
				257E13D09F330E9CBFADB0D4 /* Pods_FlashChat.framework */,
			);
			name = Frameworks;
			sourceTree = "<group>";
		};
/* End PBXGroup section */

/* Begin PBXNativeTarget section */
		6E830B9329BF0C910048325D /* FlashChat */ = {
			isa = PBXNativeTarget;
			buildConfigurationList = 6E830BA829BF0C970048325D /* Build configuration list for PBXNativeTarget "FlashChat" */;
			buildPhases = (
				8368527935A54957EF8F781A /* [CP] Check Pods Manifest.lock */,
				6E830B9029BF0C910048325D /* Sources */,
				6E830B9129BF0C910048325D /* Frameworks */,
				6E830B9229BF0C910048325D /* Resources */,
				C3D4827C2FD59924785E9C07 /* [CP] Embed Pods Frameworks */,
			);
			buildRules = (
			);
			dependencies = (
			);
			name = FlashChat;
			packageProductDependencies = (
			);
			productName = FlashChat;
			productReference = 6E830B9429BF0C910048325D /* FlashChat.app */;
			productType = "com.apple.product-type.application";
		};
/* End PBXNativeTarget section */

/* Begin PBXProject section */
		6E830B8C29BF0C910048325D /* Project object */ = {
			isa = PBXProject;
			attributes = {
				LastSwiftUpdateCheck = 1400;
				LastUpgradeCheck = 1400;
				TargetAttributes = {
					6E830B9329BF0C910048325D = {
						CreatedOnToolsVersion = 14.0.1;
					};
				};
			};
			buildConfigurationList = 6E830B8F29BF0C910048325D /* Build configuration list for PBXProject "FlashChat" */;
			compatibilityVersion = "Xcode 14.0";
			developmentRegion = en;
			hasScannedForEncodings = 0;
			knownRegions = (
				en,
				Base,
			);
			mainGroup = 6E830B8B29BF0C910048325D;
			packageReferences = (
			);
			productRefGroup = 6E830B9529BF0C910048325D /* Products */;
			projectDirPath = "";
			projectRoot = "";
			targets = (
				6E830B9329BF0C910048325D /* FlashChat */,
			);
		};
/* End PBXProject section */

/* Begin PBXResourcesBuildPhase section */
		6E830B9229BF0C910048325D /* Resources */ = {
			isa = PBXResourcesBuildPhase;
			buildActionMask = 2147483647;
			files = (
				6E830BA429BF0C970048325D /* LaunchScreen.storyboard in Resources */,
				6E830BA129BF0C970048325D /* Assets.xcassets in Resources */,
				6EC1A85129C4A04100DE54D9 /* GoogleService-Info.plist in Resources */,
			);
			runOnlyForDeploymentPostprocessing = 0;
		};
/* End PBXResourcesBuildPhase section */

/* Begin PBXShellScriptBuildPhase section */
		8368527935A54957EF8F781A /* [CP] Check Pods Manifest.lock */ = {
			isa = PBXShellScriptBuildPhase;
			buildActionMask = 2147483647;
			files = (
			);
			inputFileListPaths = (
			);
			inputPaths = (
				"${PODS_PODFILE_DIR_PATH}/Podfile.lock",
				"${PODS_ROOT}/Manifest.lock",
			);
			name = "[CP] Check Pods Manifest.lock";
			outputFileListPaths = (
			);
			outputPaths = (
				"$(DERIVED_FILE_DIR)/Pods-FlashChat-checkManifestLockResult.txt",
			);
			runOnlyForDeploymentPostprocessing = 0;
			shellPath = /bin/sh;
			shellScript = "diff \"${PODS_PODFILE_DIR_PATH}/Podfile.lock\" \"${PODS_ROOT}/Manifest.lock\" > /dev/null\nif [ $? != 0 ] ; then\n    # print error to STDERR\n    echo \"error: The sandbox is not in sync with the Podfile.lock. Run 'pod install' or update your CocoaPods installation.\" >&2\n    exit 1\nfi\n# This output is used by Xcode 'outputs' to avoid re-running this script phase.\necho \"SUCCESS\" > \"${SCRIPT_OUTPUT_FILE_0}\"\n";
			showEnvVarsInLog = 0;
		};
		C3D4827C2FD59924785E9C07 /* [CP] Embed Pods Frameworks */ = {
			isa = PBXShellScriptBuildPhase;
			buildActionMask = 2147483647;
			files = (
			);
			inputFileListPaths = (
				"${PODS_ROOT}/Target Support Files/Pods-FlashChat/Pods-FlashChat-frameworks-${CONFIGURATION}-input-files.xcfilelist",
			);
			name = "[CP] Embed Pods Frameworks";
			outputFileListPaths = (
				"${PODS_ROOT}/Target Support Files/Pods-FlashChat/Pods-FlashChat-frameworks-${CONFIGURATION}-output-files.xcfilelist",
			);
			runOnlyForDeploymentPostprocessing = 0;
			shellPath = /bin/sh;
			shellScript = "\"${PODS_ROOT}/Target Support Files/Pods-FlashChat/Pods-FlashChat-frameworks.sh\"\n";
			showEnvVarsInLog = 0;
		};
/* End PBXShellScriptBuildPhase section */

/* Begin PBXSourcesBuildPhase section */
		6E830B9029BF0C910048325D /* Sources */ = {
			isa = PBXSourcesBuildPhase;
			buildActionMask = 2147483647;
			files = (
				6E830BBD29BFA8A90048325D /* WelcomeViewController.swift in Sources */,
				6E830B9829BF0C910048325D /* AppDelegate.swift in Sources */,
				6E32ECD829C2424900C9D979 /* SendMessageUIView.swift in Sources */,
				6E830B9A29BF0C910048325D /* SceneDelegate.swift in Sources */,
				6E830BC229BFA8E30048325D /* LoginViewController.swift in Sources */,
				6E32ECD629C23C5C00C9D979 /* ChatTableViewCell.swift in Sources */,
				6E830BC429BFA8F20048325D /* ChatViewController.swift in Sources */,
				6E830BC029BFA8D30048325D /* RegisterViewController.swift in Sources */,
			);
			runOnlyForDeploymentPostprocessing = 0;
		};
/* End PBXSourcesBuildPhase section */

/* Begin PBXVariantGroup section */
		6E830BA229BF0C970048325D /* LaunchScreen.storyboard */ = {
			isa = PBXVariantGroup;
			children = (
				6E830BA329BF0C970048325D /* Base */,
			);
			name = LaunchScreen.storyboard;
			sourceTree = "<group>";
		};
/* End PBXVariantGroup section */

/* Begin XCBuildConfiguration section */
		6E830BA629BF0C970048325D /* Debug */ = {
			isa = XCBuildConfiguration;
			buildSettings = {
				ALWAYS_SEARCH_USER_PATHS = NO;
				CLANG_ANALYZER_NONNULL = YES;
				CLANG_ANALYZER_NUMBER_OBJECT_CONVERSION = YES_AGGRESSIVE;
				CLANG_CXX_LANGUAGE_STANDARD = "gnu++20";
				CLANG_ENABLE_MODULES = YES;
				CLANG_ENABLE_OBJC_ARC = YES;
				CLANG_ENABLE_OBJC_WEAK = YES;
				CLANG_WARN_BLOCK_CAPTURE_AUTORELEASING = YES;
				CLANG_WARN_BOOL_CONVERSION = YES;
				CLANG_WARN_COMMA = YES;
				CLANG_WARN_CONSTANT_CONVERSION = YES;
				CLANG_WARN_DEPRECATED_OBJC_IMPLEMENTATIONS = YES;
				CLANG_WARN_DIRECT_OBJC_ISA_USAGE = YES_ERROR;
				CLANG_WARN_DOCUMENTATION_COMMENTS = YES;
				CLANG_WARN_EMPTY_BODY = YES;
				CLANG_WARN_ENUM_CONVERSION = YES;
				CLANG_WARN_INFINITE_RECURSION = YES;
				CLANG_WARN_INT_CONVERSION = YES;
				CLANG_WARN_NON_LITERAL_NULL_CONVERSION = YES;
				CLANG_WARN_OBJC_IMPLICIT_RETAIN_SELF = YES;
				CLANG_WARN_OBJC_LITERAL_CONVERSION = YES;
				CLANG_WARN_OBJC_ROOT_CLASS = YES_ERROR;
				CLANG_WARN_QUOTED_INCLUDE_IN_FRAMEWORK_HEADER = YES;
				CLANG_WARN_RANGE_LOOP_ANALYSIS = YES;
				CLANG_WARN_STRICT_PROTOTYPES = YES;
				CLANG_WARN_SUSPICIOUS_MOVE = YES;
				CLANG_WARN_UNGUARDED_AVAILABILITY = YES_AGGRESSIVE;
				CLANG_WARN_UNREACHABLE_CODE = YES;
				CLANG_WARN__DUPLICATE_METHOD_MATCH = YES;
				COPY_PHASE_STRIP = NO;
				DEBUG_INFORMATION_FORMAT = dwarf;
				ENABLE_STRICT_OBJC_MSGSEND = YES;
				ENABLE_TESTABILITY = YES;
				GCC_C_LANGUAGE_STANDARD = gnu11;
				GCC_DYNAMIC_NO_PIC = NO;
				GCC_NO_COMMON_BLOCKS = YES;
				GCC_OPTIMIZATION_LEVEL = 0;
				GCC_PREPROCESSOR_DEFINITIONS = (
					"DEBUG=1",
					"$(inherited)",
				);
				GCC_WARN_64_TO_32_BIT_CONVERSION = YES;
				GCC_WARN_ABOUT_RETURN_TYPE = YES_ERROR;
				GCC_WARN_UNDECLARED_SELECTOR = YES;
				GCC_WARN_UNINITIALIZED_AUTOS = YES_AGGRESSIVE;
				GCC_WARN_UNUSED_FUNCTION = YES;
				GCC_WARN_UNUSED_VARIABLE = YES;
				IPHONEOS_DEPLOYMENT_TARGET = 16.0;
				MTL_ENABLE_DEBUG_INFO = INCLUDE_SOURCE;
				MTL_FAST_MATH = YES;
				ONLY_ACTIVE_ARCH = YES;
				SDKROOT = iphoneos;
				SWIFT_ACTIVE_COMPILATION_CONDITIONS = DEBUG;
				SWIFT_OPTIMIZATION_LEVEL = "-Onone";
			};
			name = Debug;
		};
		6E830BA729BF0C970048325D /* Release */ = {
			isa = XCBuildConfiguration;
			buildSettings = {
				ALWAYS_SEARCH_USER_PATHS = NO;
				CLANG_ANALYZER_NONNULL = YES;
				CLANG_ANALYZER_NUMBER_OBJECT_CONVERSION = YES_AGGRESSIVE;
				CLANG_CXX_LANGUAGE_STANDARD = "gnu++20";
				CLANG_ENABLE_MODULES = YES;
				CLANG_ENABLE_OBJC_ARC = YES;
				CLANG_ENABLE_OBJC_WEAK = YES;
				CLANG_WARN_BLOCK_CAPTURE_AUTORELEASING = YES;
				CLANG_WARN_BOOL_CONVERSION = YES;
				CLANG_WARN_COMMA = YES;
				CLANG_WARN_CONSTANT_CONVERSION = YES;
				CLANG_WARN_DEPRECATED_OBJC_IMPLEMENTATIONS = YES;
				CLANG_WARN_DIRECT_OBJC_ISA_USAGE = YES_ERROR;
				CLANG_WARN_DOCUMENTATION_COMMENTS = YES;
				CLANG_WARN_EMPTY_BODY = YES;
				CLANG_WARN_ENUM_CONVERSION = YES;
				CLANG_WARN_INFINITE_RECURSION = YES;
				CLANG_WARN_INT_CONVERSION = YES;
				CLANG_WARN_NON_LITERAL_NULL_CONVERSION = YES;
				CLANG_WARN_OBJC_IMPLICIT_RETAIN_SELF = YES;
				CLANG_WARN_OBJC_LITERAL_CONVERSION = YES;
				CLANG_WARN_OBJC_ROOT_CLASS = YES_ERROR;
				CLANG_WARN_QUOTED_INCLUDE_IN_FRAMEWORK_HEADER = YES;
				CLANG_WARN_RANGE_LOOP_ANALYSIS = YES;
				CLANG_WARN_STRICT_PROTOTYPES = YES;
				CLANG_WARN_SUSPICIOUS_MOVE = YES;
				CLANG_WARN_UNGUARDED_AVAILABILITY = YES_AGGRESSIVE;
				CLANG_WARN_UNREACHABLE_CODE = YES;
				CLANG_WARN__DUPLICATE_METHOD_MATCH = YES;
				COPY_PHASE_STRIP = NO;
				DEBUG_INFORMATION_FORMAT = "dwarf-with-dsym";
				ENABLE_NS_ASSERTIONS = NO;
				ENABLE_STRICT_OBJC_MSGSEND = YES;
				GCC_C_LANGUAGE_STANDARD = gnu11;
				GCC_NO_COMMON_BLOCKS = YES;
				GCC_WARN_64_TO_32_BIT_CONVERSION = YES;
				GCC_WARN_ABOUT_RETURN_TYPE = YES_ERROR;
				GCC_WARN_UNDECLARED_SELECTOR = YES;
				GCC_WARN_UNINITIALIZED_AUTOS = YES_AGGRESSIVE;
				GCC_WARN_UNUSED_FUNCTION = YES;
				GCC_WARN_UNUSED_VARIABLE = YES;
				IPHONEOS_DEPLOYMENT_TARGET = 16.0;
				MTL_ENABLE_DEBUG_INFO = NO;
				MTL_FAST_MATH = YES;
				SDKROOT = iphoneos;
				SWIFT_COMPILATION_MODE = wholemodule;
				SWIFT_OPTIMIZATION_LEVEL = "-O";
				VALIDATE_PRODUCT = YES;
			};
			name = Release;
		};
		6E830BA929BF0C970048325D /* Debug */ = {
			isa = XCBuildConfiguration;
			baseConfigurationReference = 14B121206AE441B2A47E6631 /* Pods-FlashChat.debug.xcconfig */;
			buildSettings = {
				ASSETCATALOG_COMPILER_APPICON_NAME = AppIcon;
				ASSETCATALOG_COMPILER_GLOBAL_ACCENT_COLOR_NAME = AccentColor;
				CODE_SIGN_STYLE = Automatic;
				CURRENT_PROJECT_VERSION = 1;
				DEVELOPMENT_TEAM = 38NM7VX6QJ;
				GENERATE_INFOPLIST_FILE = YES;
				INFOPLIST_FILE = FlashChat/Info.plist;
				INFOPLIST_KEY_UIApplicationSupportsIndirectInputEvents = YES;
				INFOPLIST_KEY_UILaunchStoryboardName = LaunchScreen;
				INFOPLIST_KEY_UISupportedInterfaceOrientations_iPad = "UIInterfaceOrientationPortrait UIInterfaceOrientationPortraitUpsideDown UIInterfaceOrientationLandscapeLeft UIInterfaceOrientationLandscapeRight";
				INFOPLIST_KEY_UISupportedInterfaceOrientations_iPhone = "UIInterfaceOrientationPortrait UIInterfaceOrientationLandscapeLeft UIInterfaceOrientationLandscapeRight";
				LD_RUNPATH_SEARCH_PATHS = (
					"$(inherited)",
					"@executable_path/Frameworks",
				);
				MARKETING_VERSION = 1.0;
				PRODUCT_BUNDLE_IDENTIFIER = com.gii.FlashChat;
				PRODUCT_NAME = "$(TARGET_NAME)";
				SWIFT_EMIT_LOC_STRINGS = YES;
				SWIFT_VERSION = 5.0;
				TARGETED_DEVICE_FAMILY = "1,2";
			};
			name = Debug;
		};
		6E830BAA29BF0C970048325D /* Release */ = {
			isa = XCBuildConfiguration;
			baseConfigurationReference = D79C7BA5F612DC9EFFCED0D8 /* Pods-FlashChat.release.xcconfig */;
			buildSettings = {
				ASSETCATALOG_COMPILER_APPICON_NAME = AppIcon;
				ASSETCATALOG_COMPILER_GLOBAL_ACCENT_COLOR_NAME = AccentColor;
				CODE_SIGN_STYLE = Automatic;
				CURRENT_PROJECT_VERSION = 1;
				DEVELOPMENT_TEAM = 38NM7VX6QJ;
				GENERATE_INFOPLIST_FILE = YES;
				INFOPLIST_FILE = FlashChat/Info.plist;
				INFOPLIST_KEY_UIApplicationSupportsIndirectInputEvents = YES;
				INFOPLIST_KEY_UILaunchStoryboardName = LaunchScreen;
				INFOPLIST_KEY_UISupportedInterfaceOrientations_iPad = "UIInterfaceOrientationPortrait UIInterfaceOrientationPortraitUpsideDown UIInterfaceOrientationLandscapeLeft UIInterfaceOrientationLandscapeRight";
				INFOPLIST_KEY_UISupportedInterfaceOrientations_iPhone = "UIInterfaceOrientationPortrait UIInterfaceOrientationLandscapeLeft UIInterfaceOrientationLandscapeRight";
				LD_RUNPATH_SEARCH_PATHS = (
					"$(inherited)",
					"@executable_path/Frameworks",
				);
				MARKETING_VERSION = 1.0;
				PRODUCT_BUNDLE_IDENTIFIER = com.gii.FlashChat;
				PRODUCT_NAME = "$(TARGET_NAME)";
				SWIFT_EMIT_LOC_STRINGS = YES;
				SWIFT_VERSION = 5.0;
				TARGETED_DEVICE_FAMILY = "1,2";
			};
			name = Release;
		};
/* End XCBuildConfiguration section */

/* Begin XCConfigurationList section */
		6E830B8F29BF0C910048325D /* Build configuration list for PBXProject "FlashChat" */ = {
			isa = XCConfigurationList;
			buildConfigurations = (
				6E830BA629BF0C970048325D /* Debug */,
				6E830BA729BF0C970048325D /* Release */,
			);
			defaultConfigurationIsVisible = 0;
			defaultConfigurationName = Release;
		};
		6E830BA829BF0C970048325D /* Build configuration list for PBXNativeTarget "FlashChat" */ = {
			isa = XCConfigurationList;
			buildConfigurations = (
				6E830BA929BF0C970048325D /* Debug */,
				6E830BAA29BF0C970048325D /* Release */,
			);
			defaultConfigurationIsVisible = 0;
			defaultConfigurationName = Release;
		};
/* End XCConfigurationList section */
	};
	rootObject = 6E830B8C29BF0C910048325D /* Project object */;
}
